
Microsoft Visual Studio Solution File, Format Version 12.00
# Visual Studio Version 17
VisualStudioVersion = 17.8.34330.188
MinimumVisualStudioVersion = 10.0.40219.1
Project("{9A19103F-16F7-4668-BE54-9A1E7A4F7556}") = "Concurrency", "ConsoleApp1\Concurrency.csproj", "{D713E7B6-44AE-417D-9687-AD686CA05ACF}"
EndProject
Global
	GlobalSection(SolutionConfigurationPlatforms) = preSolution
		Debug|Any CPU = Debug|Any CPU
		Release|Any CPU = Release|Any CPU
	EndGlobalSection
	GlobalSection(ProjectConfigurationPlatforms) = postSolution
		{D713E7B6-44AE-417D-9687-AD686CA05ACF}.Debug|Any CPU.ActiveCfg = Debug|Any CPU
		{D713E7B6-44AE-417D-9687-AD686CA05ACF}.Debug|Any CPU.Build.0 = Debug|Any CPU
		{D713E7B6-44AE-417D-9687-AD686CA05ACF}.Release|Any CPU.ActiveCfg = Release|Any CPU
		{D713E7B6-44AE-417D-9687-AD686CA05ACF}.Release|Any CPU.Build.0 = Release|Any CPU
	EndGlobalSection
	GlobalSection(SolutionProperties) = preSolution
		HideSolutionNode = FALSE
	EndGlobalSection
	GlobalSection(ExtensibilityGlobals) = postSolution
		SolutionGuid = {2D9B2DBF-6874-4E18-BD6B-BA7219CB2AB2}
	EndGlobalSection
EndGlobal
